// !$*UTF8*$!
{
	archiveVersion = 1;
	classes = {
	};
	objectVersion = 56;
	objects = {

/* Begin PBXBuildFile section */
		0A7028C92BD6463E00EB47A4 /* AppDelegate.swift in Sources */ = {isa = PBXBuildFile; fileRef = 0A7028C82BD6463E00EB47A4 /* AppDelegate.swift */; };
		0A7028CB2BD6463E00EB47A4 /* SceneDelegate.swift in Sources */ = {isa = PBXBuildFile; fileRef = 0A7028CA2BD6463E00EB47A4 /* SceneDelegate.swift */; };
		0A7028D22BD6463F00EB47A4 /* Assets.xcassets in Resources */ = {isa = PBXBuildFile; fileRef = 0A7028D12BD6463F00EB47A4 /* Assets.xcassets */; };
		0A7028D52BD6463F00EB47A4 /* LaunchScreen.storyboard in Resources */ = {isa = PBXBuildFile; fileRef = 0A7028D32BD6463F00EB47A4 /* LaunchScreen.storyboard */; };
		0A7028E02BD6463F00EB47A4 /* CinemaStarTests.swift in Sources */ = {isa = PBXBuildFile; fileRef = 0A7028DF2BD6463F00EB47A4 /* CinemaStarTests.swift */; };
		C42FBC592BDAD8E000104129 /* UILabel + Extension.swift in Sources */ = {isa = PBXBuildFile; fileRef = C42FBC582BDAD8E000104129 /* UILabel + Extension.swift */; };
		C42FBC5B2BDAD93A00104129 /* UIView + Extension.swift in Sources */ = {isa = PBXBuildFile; fileRef = C42FBC5A2BDAD93A00104129 /* UIView + Extension.swift */; };
		C42FBC5D2BDAD95600104129 /* Colors.xcassets in Resources */ = {isa = PBXBuildFile; fileRef = C42FBC5C2BDAD95600104129 /* Colors.xcassets */; };
		C42FBC642BDADAB100104129 /* ShimmerView.swift in Sources */ = {isa = PBXBuildFile; fileRef = C42FBC632BDADAB100104129 /* ShimmerView.swift */; };
		C42FBC682BDADD6700104129 /* Inter-Bold.ttf in Resources */ = {isa = PBXBuildFile; fileRef = C42FBC662BDADD6700104129 /* Inter-Bold.ttf */; };
		C42FBC692BDADD6700104129 /* Inter-Medium.ttf in Resources */ = {isa = PBXBuildFile; fileRef = C42FBC672BDADD6700104129 /* Inter-Medium.ttf */; };
		C42FBC722BDAE58900104129 /* FilmDetail.swift in Sources */ = {isa = PBXBuildFile; fileRef = C42FBC712BDAE58900104129 /* FilmDetail.swift */; };
		C42FBC982BDAE89F00104129 /* FilmsDTO.swift in Sources */ = {isa = PBXBuildFile; fileRef = C42FBC8D2BDAE89F00104129 /* FilmsDTO.swift */; };
		C42FBC9B2BDAE89F00104129 /* ViewState.swift in Sources */ = {isa = PBXBuildFile; fileRef = C42FBC922BDAE89F00104129 /* ViewState.swift */; };
		C48184AC2BD965F300BF76C1 /* Edits.swift in Sources */ = {isa = PBXBuildFile; fileRef = C48184AB2BD965F300BF76C1 /* Edits.swift */; };
		C48184B12BD9767000BF76C1 /* Film.swift in Sources */ = {isa = PBXBuildFile; fileRef = C48184B02BD9767000BF76C1 /* Film.swift */; };
		C48184B42BD9775C00BF76C1 /* UIFont + Extension.swift in Sources */ = {isa = PBXBuildFile; fileRef = C48184B32BD9775C00BF76C1 /* UIFont + Extension.swift */; };
		C4A371382C0628DA00066815 /* CinemaStarApp.swift in Sources */ = {isa = PBXBuildFile; fileRef = C4A371372C0628DA00066815 /* CinemaStarApp.swift */; };
		C4A3713A2C062AEE00066815 /* FilmsPresenter.swift in Sources */ = {isa = PBXBuildFile; fileRef = C4A371392C062AEE00066815 /* FilmsPresenter.swift */; };
		C4A3713C2C06375D00066815 /* FilmsView.swift in Sources */ = {isa = PBXBuildFile; fileRef = C4A3713B2C06375D00066815 /* FilmsView.swift */; };
		C4A3713E2C0637E600066815 /* View + Extension.swift in Sources */ = {isa = PBXBuildFile; fileRef = C4A3713D2C0637E600066815 /* View + Extension.swift */; };
		C4A371402C06397300066815 /* FilmsInteractor.swift in Sources */ = {isa = PBXBuildFile; fileRef = C4A3713F2C06397300066815 /* FilmsInteractor.swift */; };
		C4A371422C0639B500066815 /* FilmsRouter.swift in Sources */ = {isa = PBXBuildFile; fileRef = C4A371412C0639B500066815 /* FilmsRouter.swift */; };
		C4A371442C064C1000066815 /* NetworkService.swift in Sources */ = {isa = PBXBuildFile; fileRef = C4A371432C064C1000066815 /* NetworkService.swift */; };
		C4A371462C064EAB00066815 /* FilmDetailsView.swift in Sources */ = {isa = PBXBuildFile; fileRef = C4A371452C064EAB00066815 /* FilmDetailsView.swift */; };
		C4A371482C064EF500066815 /* FilmDetailsPresenter.swift in Sources */ = {isa = PBXBuildFile; fileRef = C4A371472C064EF500066815 /* FilmDetailsPresenter.swift */; };
		C4A3714A2C064F1400066815 /* FilmDetailsRouter.swift in Sources */ = {isa = PBXBuildFile; fileRef = C4A371492C064F1400066815 /* FilmDetailsRouter.swift */; };
		C4A3714C2C064F3200066815 /* FilmDetailsInteractor.swift in Sources */ = {isa = PBXBuildFile; fileRef = C4A3714B2C064F3200066815 /* FilmDetailsInteractor.swift */; };
		C4A3715E2C09240700066815 /* FilmsShimmerView.swift in Sources */ = {isa = PBXBuildFile; fileRef = C4A3715D2C09240700066815 /* FilmsShimmerView.swift */; };
		C4A371602C0924C900066815 /* FilmDetailsShimmerView.swift in Sources */ = {isa = PBXBuildFile; fileRef = C4A3715F2C0924C900066815 /* FilmDetailsShimmerView.swift */; };
		C4A371622C09251C00066815 /* SimilarFilm.swift in Sources */ = {isa = PBXBuildFile; fileRef = C4A371612C09251C00066815 /* SimilarFilm.swift */; };
		C4A371642C09253200066815 /* FilmActor.swift in Sources */ = {isa = PBXBuildFile; fileRef = C4A371632C09253200066815 /* FilmActor.swift */; };
		C4A371672C0925CF00066815 /* SwiftDataFilm.swift in Sources */ = {isa = PBXBuildFile; fileRef = C4A371662C0925CF00066815 /* SwiftDataFilm.swift */; };
		C4A371692C0925E500066815 /* SwiftDataFilmDetails.swift in Sources */ = {isa = PBXBuildFile; fileRef = C4A371682C0925E500066815 /* SwiftDataFilmDetails.swift */; };
		C4A3716F2C0A4CDD00066815 /* FilmsInteractorTests.swift in Sources */ = {isa = PBXBuildFile; fileRef = C4A3716E2C0A4CDD00066815 /* FilmsInteractorTests.swift */; };
		C4A371712C0A4D4A00066815 /* FilmDetailInteractorTests.swift in Sources */ = {isa = PBXBuildFile; fileRef = C4A371702C0A4D4A00066815 /* FilmDetailInteractorTests.swift */; };
		C4A6B49B2C0B8CB300DA394A /* FilmsCollectionView.swift in Sources */ = {isa = PBXBuildFile; fileRef = C4A6B49A2C0B8CB300DA394A /* FilmsCollectionView.swift */; };
		C4D971B02BD6EF12002673E1 /* Builder.swift in Sources */ = {isa = PBXBuildFile; fileRef = C4D971AF2BD6EF12002673E1 /* Builder.swift */; };
/* End PBXBuildFile section */

/* Begin PBXContainerItemProxy section */
		0A7028DC2BD6463F00EB47A4 /* PBXContainerItemProxy */ = {
			isa = PBXContainerItemProxy;
			containerPortal = 0A7028BD2BD6463E00EB47A4 /* Project object */;
			proxyType = 1;
			remoteGlobalIDString = 0A7028C42BD6463E00EB47A4;
			remoteInfo = CinemaStar;
		};
/* End PBXContainerItemProxy section */

/* Begin PBXFileReference section */
		0A7028C52BD6463E00EB47A4 /* CinemaStar.app */ = {isa = PBXFileReference; explicitFileType = wrapper.application; includeInIndex = 0; path = CinemaStar.app; sourceTree = BUILT_PRODUCTS_DIR; };
		0A7028C82BD6463E00EB47A4 /* AppDelegate.swift */ = {isa = PBXFileReference; lastKnownFileType = sourcecode.swift; path = AppDelegate.swift; sourceTree = "<group>"; };
		0A7028CA2BD6463E00EB47A4 /* SceneDelegate.swift */ = {isa = PBXFileReference; lastKnownFileType = sourcecode.swift; path = SceneDelegate.swift; sourceTree = "<group>"; };
		0A7028D12BD6463F00EB47A4 /* Assets.xcassets */ = {isa = PBXFileReference; lastKnownFileType = folder.assetcatalog; path = Assets.xcassets; sourceTree = "<group>"; };
		0A7028D42BD6463F00EB47A4 /* Base */ = {isa = PBXFileReference; lastKnownFileType = file.storyboard; name = Base; path = Base.lproj/LaunchScreen.storyboard; sourceTree = "<group>"; };
		0A7028D62BD6463F00EB47A4 /* Info.plist */ = {isa = PBXFileReference; lastKnownFileType = text.plist.xml; path = Info.plist; sourceTree = "<group>"; };
		0A7028DB2BD6463F00EB47A4 /* CinemaStarTests.xctest */ = {isa = PBXFileReference; explicitFileType = wrapper.cfbundle; includeInIndex = 0; path = CinemaStarTests.xctest; sourceTree = BUILT_PRODUCTS_DIR; };
		0A7028DF2BD6463F00EB47A4 /* CinemaStarTests.swift */ = {isa = PBXFileReference; lastKnownFileType = sourcecode.swift; path = CinemaStarTests.swift; sourceTree = "<group>"; };
		C42FBC582BDAD8E000104129 /* UILabel + Extension.swift */ = {isa = PBXFileReference; fileEncoding = 4; lastKnownFileType = sourcecode.swift; path = "UILabel + Extension.swift"; sourceTree = "<group>"; };
		C42FBC5A2BDAD93A00104129 /* UIView + Extension.swift */ = {isa = PBXFileReference; fileEncoding = 4; lastKnownFileType = sourcecode.swift; path = "UIView + Extension.swift"; sourceTree = "<group>"; };
		C42FBC5C2BDAD95600104129 /* Colors.xcassets */ = {isa = PBXFileReference; lastKnownFileType = folder.assetcatalog; path = Colors.xcassets; sourceTree = "<group>"; };
		C42FBC632BDADAB100104129 /* ShimmerView.swift */ = {isa = PBXFileReference; fileEncoding = 4; lastKnownFileType = sourcecode.swift; path = ShimmerView.swift; sourceTree = "<group>"; };
		C42FBC662BDADD6700104129 /* Inter-Bold.ttf */ = {isa = PBXFileReference; lastKnownFileType = file; path = "Inter-Bold.ttf"; sourceTree = "<group>"; };
		C42FBC672BDADD6700104129 /* Inter-Medium.ttf */ = {isa = PBXFileReference; lastKnownFileType = file; path = "Inter-Medium.ttf"; sourceTree = "<group>"; };
		C42FBC712BDAE58900104129 /* FilmDetail.swift */ = {isa = PBXFileReference; fileEncoding = 4; lastKnownFileType = sourcecode.swift; path = FilmDetail.swift; sourceTree = "<group>"; };
		C42FBC8D2BDAE89F00104129 /* FilmsDTO.swift */ = {isa = PBXFileReference; fileEncoding = 4; lastKnownFileType = sourcecode.swift; path = FilmsDTO.swift; sourceTree = "<group>"; };
		C42FBC922BDAE89F00104129 /* ViewState.swift */ = {isa = PBXFileReference; fileEncoding = 4; lastKnownFileType = sourcecode.swift; path = ViewState.swift; sourceTree = "<group>"; };
		C48184AB2BD965F300BF76C1 /* Edits.swift */ = {isa = PBXFileReference; lastKnownFileType = sourcecode.swift; path = Edits.swift; sourceTree = "<group>"; };
		C48184B02BD9767000BF76C1 /* Film.swift */ = {isa = PBXFileReference; lastKnownFileType = sourcecode.swift; path = Film.swift; sourceTree = "<group>"; };
		C48184B32BD9775C00BF76C1 /* UIFont + Extension.swift */ = {isa = PBXFileReference; lastKnownFileType = sourcecode.swift; path = "UIFont + Extension.swift"; sourceTree = "<group>"; };
		C4A371372C0628DA00066815 /* CinemaStarApp.swift */ = {isa = PBXFileReference; lastKnownFileType = sourcecode.swift; path = CinemaStarApp.swift; sourceTree = "<group>"; };
		C4A371392C062AEE00066815 /* FilmsPresenter.swift */ = {isa = PBXFileReference; lastKnownFileType = sourcecode.swift; path = FilmsPresenter.swift; sourceTree = "<group>"; };
		C4A3713B2C06375D00066815 /* FilmsView.swift */ = {isa = PBXFileReference; lastKnownFileType = sourcecode.swift; path = FilmsView.swift; sourceTree = "<group>"; };
		C4A3713D2C0637E600066815 /* View + Extension.swift */ = {isa = PBXFileReference; lastKnownFileType = sourcecode.swift; path = "View + Extension.swift"; sourceTree = "<group>"; };
		C4A3713F2C06397300066815 /* FilmsInteractor.swift */ = {isa = PBXFileReference; lastKnownFileType = sourcecode.swift; path = FilmsInteractor.swift; sourceTree = "<group>"; };
		C4A371412C0639B500066815 /* FilmsRouter.swift */ = {isa = PBXFileReference; lastKnownFileType = sourcecode.swift; path = FilmsRouter.swift; sourceTree = "<group>"; };
		C4A371432C064C1000066815 /* NetworkService.swift */ = {isa = PBXFileReference; lastKnownFileType = sourcecode.swift; path = NetworkService.swift; sourceTree = "<group>"; };
		C4A371452C064EAB00066815 /* FilmDetailsView.swift */ = {isa = PBXFileReference; lastKnownFileType = sourcecode.swift; path = FilmDetailsView.swift; sourceTree = "<group>"; };
		C4A371472C064EF500066815 /* FilmDetailsPresenter.swift */ = {isa = PBXFileReference; lastKnownFileType = sourcecode.swift; path = FilmDetailsPresenter.swift; sourceTree = "<group>"; };
		C4A371492C064F1400066815 /* FilmDetailsRouter.swift */ = {isa = PBXFileReference; lastKnownFileType = sourcecode.swift; path = FilmDetailsRouter.swift; sourceTree = "<group>"; };
		C4A3714B2C064F3200066815 /* FilmDetailsInteractor.swift */ = {isa = PBXFileReference; lastKnownFileType = sourcecode.swift; path = FilmDetailsInteractor.swift; sourceTree = "<group>"; };
		C4A3715D2C09240700066815 /* FilmsShimmerView.swift */ = {isa = PBXFileReference; lastKnownFileType = sourcecode.swift; path = FilmsShimmerView.swift; sourceTree = "<group>"; };
		C4A3715F2C0924C900066815 /* FilmDetailsShimmerView.swift */ = {isa = PBXFileReference; lastKnownFileType = sourcecode.swift; path = FilmDetailsShimmerView.swift; sourceTree = "<group>"; };
		C4A371612C09251C00066815 /* SimilarFilm.swift */ = {isa = PBXFileReference; lastKnownFileType = sourcecode.swift; path = SimilarFilm.swift; sourceTree = "<group>"; };
		C4A371632C09253200066815 /* FilmActor.swift */ = {isa = PBXFileReference; lastKnownFileType = sourcecode.swift; path = FilmActor.swift; sourceTree = "<group>"; };
		C4A371662C0925CF00066815 /* SwiftDataFilm.swift */ = {isa = PBXFileReference; lastKnownFileType = sourcecode.swift; path = SwiftDataFilm.swift; sourceTree = "<group>"; };
		C4A371682C0925E500066815 /* SwiftDataFilmDetails.swift */ = {isa = PBXFileReference; lastKnownFileType = sourcecode.swift; path = SwiftDataFilmDetails.swift; sourceTree = "<group>"; };
		C4A3716E2C0A4CDD00066815 /* FilmsInteractorTests.swift */ = {isa = PBXFileReference; lastKnownFileType = sourcecode.swift; path = FilmsInteractorTests.swift; sourceTree = "<group>"; };
		C4A371702C0A4D4A00066815 /* FilmDetailInteractorTests.swift */ = {isa = PBXFileReference; lastKnownFileType = sourcecode.swift; path = FilmDetailInteractorTests.swift; sourceTree = "<group>"; };
		C4A6B49A2C0B8CB300DA394A /* FilmsCollectionView.swift */ = {isa = PBXFileReference; lastKnownFileType = sourcecode.swift; path = FilmsCollectionView.swift; sourceTree = "<group>"; };
		C4D971AF2BD6EF12002673E1 /* Builder.swift */ = {isa = PBXFileReference; lastKnownFileType = sourcecode.swift; path = Builder.swift; sourceTree = "<group>"; };
/* End PBXFileReference section */

/* Begin PBXFrameworksBuildPhase section */
		0A7028C22BD6463E00EB47A4 /* Frameworks */ = {
			isa = PBXFrameworksBuildPhase;
			buildActionMask = 2147483647;
			files = (
			);
			runOnlyForDeploymentPostprocessing = 0;
		};
		0A7028D82BD6463F00EB47A4 /* Frameworks */ = {
			isa = PBXFrameworksBuildPhase;
			buildActionMask = 2147483647;
			files = (
			);
			runOnlyForDeploymentPostprocessing = 0;
		};
/* End PBXFrameworksBuildPhase section */

/* Begin PBXGroup section */
		0A7028BC2BD6463E00EB47A4 = {
			isa = PBXGroup;
			children = (
				0A7028C72BD6463E00EB47A4 /* CinemaStar */,
				C42FBC652BDADCE800104129 /* Fonts */,
				0A7028DE2BD6463F00EB47A4 /* CinemaStarTests */,
				0A7028C62BD6463E00EB47A4 /* Products */,
			);
			sourceTree = "<group>";
		};
		0A7028C62BD6463E00EB47A4 /* Products */ = {
			isa = PBXGroup;
			children = (
				0A7028C52BD6463E00EB47A4 /* CinemaStar.app */,
				0A7028DB2BD6463F00EB47A4 /* CinemaStarTests.xctest */,
			);
			name = Products;
			sourceTree = "<group>";
		};
		0A7028C72BD6463E00EB47A4 /* CinemaStar */ = {
			isa = PBXGroup;
			children = (
				C4A371652C0925BB00066815 /* SwiftData */,
				C42FBC932BDAE89F00104129 /* NetworkService */,
				C4D971AE2BD6EEF8002673E1 /* Builder */,
				C4D971B32BD6F2F6002673E1 /* Modules */,
				C48184B22BD9771D00BF76C1 /* Extensions */,
				0A7028F82BD6489900EB47A4 /* App */,
				0A7028F92BD648AA00EB47A4 /* SupportingFiles */,
			);
			path = CinemaStar;
			sourceTree = "<group>";
		};
		0A7028DE2BD6463F00EB47A4 /* CinemaStarTests */ = {
			isa = PBXGroup;
			children = (
				0A7028DF2BD6463F00EB47A4 /* CinemaStarTests.swift */,
				C4A3716E2C0A4CDD00066815 /* FilmsInteractorTests.swift */,
				C4A371702C0A4D4A00066815 /* FilmDetailInteractorTests.swift */,
			);
			path = CinemaStarTests;
			sourceTree = "<group>";
		};
		0A7028F82BD6489900EB47A4 /* App */ = {
			isa = PBXGroup;
			children = (
				0A7028C82BD6463E00EB47A4 /* AppDelegate.swift */,
				0A7028CA2BD6463E00EB47A4 /* SceneDelegate.swift */,
				C4A371372C0628DA00066815 /* CinemaStarApp.swift */,
			);
			path = App;
			sourceTree = "<group>";
		};
		0A7028F92BD648AA00EB47A4 /* SupportingFiles */ = {
			isa = PBXGroup;
			children = (
				0A7028D12BD6463F00EB47A4 /* Assets.xcassets */,
				C42FBC5C2BDAD95600104129 /* Colors.xcassets */,
				0A7028D32BD6463F00EB47A4 /* LaunchScreen.storyboard */,
				0A7028D62BD6463F00EB47A4 /* Info.plist */,
				C48184AB2BD965F300BF76C1 /* Edits.swift */,
				C42FBC632BDADAB100104129 /* ShimmerView.swift */,
				C42FBC922BDAE89F00104129 /* ViewState.swift */,
			);
			path = SupportingFiles;
			sourceTree = "<group>";
		};
		C42FBC5E2BDAD9BA00104129 /* FilmsModule */ = {
			isa = PBXGroup;
			children = (
				C4A3715D2C09240700066815 /* FilmsShimmerView.swift */,
				C4A3713B2C06375D00066815 /* FilmsView.swift */,
				C4A6B49A2C0B8CB300DA394A /* FilmsCollectionView.swift */,
				C4A371392C062AEE00066815 /* FilmsPresenter.swift */,
				C4A371412C0639B500066815 /* FilmsRouter.swift */,
				C4A3713F2C06397300066815 /* FilmsInteractor.swift */,
				C4D971B42BD6F385002673E1 /* Model */,
			);
			path = FilmsModule;
			sourceTree = "<group>";
		};
		C42FBC5F2BDAD9C700104129 /* FilmDetailModule */ = {
			isa = PBXGroup;
			children = (
				C4A3715F2C0924C900066815 /* FilmDetailsShimmerView.swift */,
				C4A371452C064EAB00066815 /* FilmDetailsView.swift */,
				C4A371472C064EF500066815 /* FilmDetailsPresenter.swift */,
				C4A371492C064F1400066815 /* FilmDetailsRouter.swift */,
				C4A3714B2C064F3200066815 /* FilmDetailsInteractor.swift */,
				C42FBC622BDADA5300104129 /* Model */,
			);
			path = FilmDetailModule;
			sourceTree = "<group>";
		};
		C42FBC622BDADA5300104129 /* Model */ = {
			isa = PBXGroup;
			children = (
				C42FBC712BDAE58900104129 /* FilmDetail.swift */,
				C4A371612C09251C00066815 /* SimilarFilm.swift */,
				C4A371632C09253200066815 /* FilmActor.swift */,
			);
			path = Model;
			sourceTree = "<group>";
		};
		C42FBC652BDADCE800104129 /* Fonts */ = {
			isa = PBXGroup;
			children = (
				C42FBC662BDADD6700104129 /* Inter-Bold.ttf */,
				C42FBC672BDADD6700104129 /* Inter-Medium.ttf */,
			);
			path = Fonts;
			sourceTree = "<group>";
		};
		C42FBC8E2BDAE89F00104129 /* DTO */ = {
			isa = PBXGroup;
			children = (
				C42FBC8D2BDAE89F00104129 /* FilmsDTO.swift */,
			);
			path = DTO;
			sourceTree = "<group>";
		};
		C42FBC932BDAE89F00104129 /* NetworkService */ = {
			isa = PBXGroup;
			children = (
				C4A371432C064C1000066815 /* NetworkService.swift */,
				C42FBC8E2BDAE89F00104129 /* DTO */,
			);
			path = NetworkService;
			sourceTree = "<group>";
		};
		C48184B22BD9771D00BF76C1 /* Extensions */ = {
			isa = PBXGroup;
			children = (
				C48184B32BD9775C00BF76C1 /* UIFont + Extension.swift */,
				C42FBC582BDAD8E000104129 /* UILabel + Extension.swift */,
				C42FBC5A2BDAD93A00104129 /* UIView + Extension.swift */,
				C4A3713D2C0637E600066815 /* View + Extension.swift */,
			);
			path = Extensions;
			sourceTree = "<group>";
		};
		C4A371652C0925BB00066815 /* SwiftData */ = {
			isa = PBXGroup;
			children = (
				C4A371662C0925CF00066815 /* SwiftDataFilm.swift */,
				C4A371682C0925E500066815 /* SwiftDataFilmDetails.swift */,
			);
			path = SwiftData;
			sourceTree = "<group>";
		};
		C4D971AE2BD6EEF8002673E1 /* Builder */ = {
			isa = PBXGroup;
			children = (
				C4D971AF2BD6EF12002673E1 /* Builder.swift */,
			);
			path = Builder;
			sourceTree = "<group>";
		};
		C4D971B32BD6F2F6002673E1 /* Modules */ = {
			isa = PBXGroup;
			children = (
				C42FBC5E2BDAD9BA00104129 /* FilmsModule */,
				C42FBC5F2BDAD9C700104129 /* FilmDetailModule */,
			);
			path = Modules;
			sourceTree = "<group>";
		};
		C4D971B42BD6F385002673E1 /* Model */ = {
			isa = PBXGroup;
			children = (
				C48184B02BD9767000BF76C1 /* Film.swift */,
			);
			path = Model;
			sourceTree = "<group>";
		};
/* End PBXGroup section */

/* Begin PBXNativeTarget section */
		0A7028C42BD6463E00EB47A4 /* CinemaStar */ = {
			isa = PBXNativeTarget;
			buildConfigurationList = 0A7028EF2BD6463F00EB47A4 /* Build configuration list for PBXNativeTarget "CinemaStar" */;
			buildPhases = (
				0A7028C12BD6463E00EB47A4 /* Sources */,
				0A7028FA2BD64A0500EB47A4 /* Swiftformat */,
				0A7028FB2BD64A8B00EB47A4 /* Swiftlint */,
				0A7028C22BD6463E00EB47A4 /* Frameworks */,
				0A7028C32BD6463E00EB47A4 /* Resources */,
			);
			buildRules = (
			);
			dependencies = (
			);
			name = CinemaStar;
			packageProductDependencies = (
			);
			productName = CinemaStar;
			productReference = 0A7028C52BD6463E00EB47A4 /* CinemaStar.app */;
			productType = "com.apple.product-type.application";
		};
		0A7028DA2BD6463F00EB47A4 /* CinemaStarTests */ = {
			isa = PBXNativeTarget;
			buildConfigurationList = 0A7028F22BD6463F00EB47A4 /* Build configuration list for PBXNativeTarget "CinemaStarTests" */;
			buildPhases = (
				0A7028D72BD6463F00EB47A4 /* Sources */,
				0A7028D82BD6463F00EB47A4 /* Frameworks */,
				0A7028D92BD6463F00EB47A4 /* Resources */,
			);
			buildRules = (
			);
			dependencies = (
				0A7028DD2BD6463F00EB47A4 /* PBXTargetDependency */,
			);
			name = CinemaStarTests;
			productName = CinemaStarTests;
			productReference = 0A7028DB2BD6463F00EB47A4 /* CinemaStarTests.xctest */;
			productType = "com.apple.product-type.bundle.unit-test";
		};
/* End PBXNativeTarget section */

/* Begin PBXProject section */
		0A7028BD2BD6463E00EB47A4 /* Project object */ = {
			isa = PBXProject;
			attributes = {
				BuildIndependentTargetsInParallel = 1;
				LastSwiftUpdateCheck = 1500;
				LastUpgradeCheck = 1500;
				TargetAttributes = {
					0A7028C42BD6463E00EB47A4 = {
						CreatedOnToolsVersion = 15.0;
					};
					0A7028DA2BD6463F00EB47A4 = {
						CreatedOnToolsVersion = 15.0;
						TestTargetID = 0A7028C42BD6463E00EB47A4;
					};
				};
			};
			buildConfigurationList = 0A7028C02BD6463E00EB47A4 /* Build configuration list for PBXProject "CinemaStar" */;
			compatibilityVersion = "Xcode 14.0";
			developmentRegion = en;
			hasScannedForEncodings = 0;
			knownRegions = (
				en,
				Base,
			);
			mainGroup = 0A7028BC2BD6463E00EB47A4;
			packageReferences = (
			);
			productRefGroup = 0A7028C62BD6463E00EB47A4 /* Products */;
			projectDirPath = "";
			projectRoot = "";
			targets = (
				0A7028C42BD6463E00EB47A4 /* CinemaStar */,
				0A7028DA2BD6463F00EB47A4 /* CinemaStarTests */,
			);
		};
/* End PBXProject section */

/* Begin PBXResourcesBuildPhase section */
		0A7028C32BD6463E00EB47A4 /* Resources */ = {
			isa = PBXResourcesBuildPhase;
			buildActionMask = 2147483647;
			files = (
				C42FBC5D2BDAD95600104129 /* Colors.xcassets in Resources */,
				0A7028D52BD6463F00EB47A4 /* LaunchScreen.storyboard in Resources */,
				C42FBC682BDADD6700104129 /* Inter-Bold.ttf in Resources */,
				C42FBC692BDADD6700104129 /* Inter-Medium.ttf in Resources */,
				0A7028D22BD6463F00EB47A4 /* Assets.xcassets in Resources */,
			);
			runOnlyForDeploymentPostprocessing = 0;
		};
		0A7028D92BD6463F00EB47A4 /* Resources */ = {
			isa = PBXResourcesBuildPhase;
			buildActionMask = 2147483647;
			files = (
			);
			runOnlyForDeploymentPostprocessing = 0;
		};
/* End PBXResourcesBuildPhase section */

/* Begin PBXShellScriptBuildPhase section */
		0A7028FA2BD64A0500EB47A4 /* Swiftformat */ = {
			isa = PBXShellScriptBuildPhase;
			alwaysOutOfDate = 1;
			buildActionMask = 2147483647;
			files = (
			);
			inputFileListPaths = (
			);
			inputPaths = (
			);
			name = Swiftformat;
			outputFileListPaths = (
			);
			outputPaths = (
			);
			runOnlyForDeploymentPostprocessing = 0;
			shellPath = /bin/sh;
			shellScript = "if [[ \"$(uname -m)\" == arm64 ]]; then export PATH=\"/opt/homebrew/bin:$PATH\"\nfi\n\nif which swiftformat >/dev/null; then swiftformat .\nelse\necho \"warning: SwiftFormat not installed, download from https://github.com/nicklockwood/SwiftFormat\"\nfi\n";
			showEnvVarsInLog = 0;
		};
		0A7028FB2BD64A8B00EB47A4 /* Swiftlint */ = {
			isa = PBXShellScriptBuildPhase;
			alwaysOutOfDate = 1;
			buildActionMask = 2147483647;
			files = (
			);
			inputFileListPaths = (
			);
			inputPaths = (
			);
			name = Swiftlint;
			outputFileListPaths = (
			);
			outputPaths = (
			);
			runOnlyForDeploymentPostprocessing = 0;
			shellPath = /bin/sh;
			shellScript = "if [[ \"$(uname -m)\" == arm64 ]]; then export PATH=\"/opt/homebrew/bin:$PATH\"\nfi\n\nif which swiftlint > /dev/null; then swiftlint\nelse\necho \"warning: SwiftLint not installed, download from https://github.com/realm/SwiftLint\"\nfi\n\n";
			showEnvVarsInLog = 0;
		};
/* End PBXShellScriptBuildPhase section */

/* Begin PBXSourcesBuildPhase section */
		0A7028C12BD6463E00EB47A4 /* Sources */ = {
			isa = PBXSourcesBuildPhase;
			buildActionMask = 2147483647;
			files = (
				C4A3714C2C064F3200066815 /* FilmDetailsInteractor.swift in Sources */,
				C4A371692C0925E500066815 /* SwiftDataFilmDetails.swift in Sources */,
				C4A3713C2C06375D00066815 /* FilmsView.swift in Sources */,
				C48184B42BD9775C00BF76C1 /* UIFont + Extension.swift in Sources */,
				C4A371382C0628DA00066815 /* CinemaStarApp.swift in Sources */,
				C4A371622C09251C00066815 /* SimilarFilm.swift in Sources */,
				C4A371482C064EF500066815 /* FilmDetailsPresenter.swift in Sources */,
				C4A3715E2C09240700066815 /* FilmsShimmerView.swift in Sources */,
				C4A6B49B2C0B8CB300DA394A /* FilmsCollectionView.swift in Sources */,
				C4A3713E2C0637E600066815 /* View + Extension.swift in Sources */,
				C42FBC5B2BDAD93A00104129 /* UIView + Extension.swift in Sources */,
				C4A371642C09253200066815 /* FilmActor.swift in Sources */,
				0A7028C92BD6463E00EB47A4 /* AppDelegate.swift in Sources */,
				C42FBC982BDAE89F00104129 /* FilmsDTO.swift in Sources */,
				C4A3714A2C064F1400066815 /* FilmDetailsRouter.swift in Sources */,
				0A7028CB2BD6463E00EB47A4 /* SceneDelegate.swift in Sources */,
				C4A371672C0925CF00066815 /* SwiftDataFilm.swift in Sources */,
				C4A371602C0924C900066815 /* FilmDetailsShimmerView.swift in Sources */,
				C4A371462C064EAB00066815 /* FilmDetailsView.swift in Sources */,
				C48184B12BD9767000BF76C1 /* Film.swift in Sources */,
				C4A371402C06397300066815 /* FilmsInteractor.swift in Sources */,
				C42FBC9B2BDAE89F00104129 /* ViewState.swift in Sources */,
				C42FBC592BDAD8E000104129 /* UILabel + Extension.swift in Sources */,
				C42FBC722BDAE58900104129 /* FilmDetail.swift in Sources */,
				C4A371422C0639B500066815 /* FilmsRouter.swift in Sources */,
				C4A371442C064C1000066815 /* NetworkService.swift in Sources */,
				C42FBC642BDADAB100104129 /* ShimmerView.swift in Sources */,
				C48184AC2BD965F300BF76C1 /* Edits.swift in Sources */,
				C4D971B02BD6EF12002673E1 /* Builder.swift in Sources */,
				C4A3713A2C062AEE00066815 /* FilmsPresenter.swift in Sources */,
			);
			runOnlyForDeploymentPostprocessing = 0;
		};
		0A7028D72BD6463F00EB47A4 /* Sources */ = {
			isa = PBXSourcesBuildPhase;
			buildActionMask = 2147483647;
			files = (
				0A7028E02BD6463F00EB47A4 /* CinemaStarTests.swift in Sources */,
				C4A3716F2C0A4CDD00066815 /* FilmsInteractorTests.swift in Sources */,
				C4A371712C0A4D4A00066815 /* FilmDetailInteractorTests.swift in Sources */,
			);
			runOnlyForDeploymentPostprocessing = 0;
		};
/* End PBXSourcesBuildPhase section */

/* Begin PBXTargetDependency section */
		0A7028DD2BD6463F00EB47A4 /* PBXTargetDependency */ = {
			isa = PBXTargetDependency;
			target = 0A7028C42BD6463E00EB47A4 /* CinemaStar */;
			targetProxy = 0A7028DC2BD6463F00EB47A4 /* PBXContainerItemProxy */;
		};
/* End PBXTargetDependency section */

/* Begin PBXVariantGroup section */
		0A7028D32BD6463F00EB47A4 /* LaunchScreen.storyboard */ = {
			isa = PBXVariantGroup;
			children = (
				0A7028D42BD6463F00EB47A4 /* Base */,
			);
			name = LaunchScreen.storyboard;
			sourceTree = "<group>";
		};
/* End PBXVariantGroup section */

/* Begin XCBuildConfiguration section */
		0A7028ED2BD6463F00EB47A4 /* Debug */ = {
			isa = XCBuildConfiguration;
			buildSettings = {
				ALWAYS_SEARCH_USER_PATHS = NO;
				ASSETCATALOG_COMPILER_GENERATE_SWIFT_ASSET_SYMBOL_EXTENSIONS = YES;
				CLANG_ANALYZER_NONNULL = YES;
				CLANG_ANALYZER_NUMBER_OBJECT_CONVERSION = YES_AGGRESSIVE;
				CLANG_CXX_LANGUAGE_STANDARD = "gnu++20";
				CLANG_ENABLE_MODULES = YES;
				CLANG_ENABLE_OBJC_ARC = YES;
				CLANG_ENABLE_OBJC_WEAK = YES;
				CLANG_WARN_BLOCK_CAPTURE_AUTORELEASING = YES;
				CLANG_WARN_BOOL_CONVERSION = YES;
				CLANG_WARN_COMMA = YES;
				CLANG_WARN_CONSTANT_CONVERSION = YES;
				CLANG_WARN_DEPRECATED_OBJC_IMPLEMENTATIONS = YES;
				CLANG_WARN_DIRECT_OBJC_ISA_USAGE = YES_ERROR;
				CLANG_WARN_DOCUMENTATION_COMMENTS = YES;
				CLANG_WARN_EMPTY_BODY = YES;
				CLANG_WARN_ENUM_CONVERSION = YES;
				CLANG_WARN_INFINITE_RECURSION = YES;
				CLANG_WARN_INT_CONVERSION = YES;
				CLANG_WARN_NON_LITERAL_NULL_CONVERSION = YES;
				CLANG_WARN_OBJC_IMPLICIT_RETAIN_SELF = YES;
				CLANG_WARN_OBJC_LITERAL_CONVERSION = YES;
				CLANG_WARN_OBJC_ROOT_CLASS = YES_ERROR;
				CLANG_WARN_QUOTED_INCLUDE_IN_FRAMEWORK_HEADER = YES;
				CLANG_WARN_RANGE_LOOP_ANALYSIS = YES;
				CLANG_WARN_STRICT_PROTOTYPES = YES;
				CLANG_WARN_SUSPICIOUS_MOVE = YES;
				CLANG_WARN_UNGUARDED_AVAILABILITY = YES_AGGRESSIVE;
				CLANG_WARN_UNREACHABLE_CODE = YES;
				CLANG_WARN__DUPLICATE_METHOD_MATCH = YES;
				COPY_PHASE_STRIP = NO;
				DEBUG_INFORMATION_FORMAT = dwarf;
				ENABLE_STRICT_OBJC_MSGSEND = YES;
				ENABLE_TESTABILITY = YES;
				ENABLE_USER_SCRIPT_SANDBOXING = YES;
				GCC_C_LANGUAGE_STANDARD = gnu17;
				GCC_DYNAMIC_NO_PIC = NO;
				GCC_NO_COMMON_BLOCKS = YES;
				GCC_OPTIMIZATION_LEVEL = 0;
				GCC_PREPROCESSOR_DEFINITIONS = (
					"DEBUG=1",
					"$(inherited)",
				);
				GCC_WARN_64_TO_32_BIT_CONVERSION = YES;
				GCC_WARN_ABOUT_RETURN_TYPE = YES_ERROR;
				GCC_WARN_UNDECLARED_SELECTOR = YES;
				GCC_WARN_UNINITIALIZED_AUTOS = YES_AGGRESSIVE;
				GCC_WARN_UNUSED_FUNCTION = YES;
				GCC_WARN_UNUSED_VARIABLE = YES;
				IPHONEOS_DEPLOYMENT_TARGET = 17.0;
				LOCALIZATION_PREFERS_STRING_CATALOGS = YES;
				MTL_ENABLE_DEBUG_INFO = INCLUDE_SOURCE;
				MTL_FAST_MATH = YES;
				ONLY_ACTIVE_ARCH = YES;
				SDKROOT = iphoneos;
				SWIFT_ACTIVE_COMPILATION_CONDITIONS = "DEBUG $(inherited)";
				SWIFT_OPTIMIZATION_LEVEL = "-Onone";
			};
			name = Debug;
		};
		0A7028EE2BD6463F00EB47A4 /* Release */ = {
			isa = XCBuildConfiguration;
			buildSettings = {
				ALWAYS_SEARCH_USER_PATHS = NO;
				ASSETCATALOG_COMPILER_GENERATE_SWIFT_ASSET_SYMBOL_EXTENSIONS = YES;
				CLANG_ANALYZER_NONNULL = YES;
				CLANG_ANALYZER_NUMBER_OBJECT_CONVERSION = YES_AGGRESSIVE;
				CLANG_CXX_LANGUAGE_STANDARD = "gnu++20";
				CLANG_ENABLE_MODULES = YES;
				CLANG_ENABLE_OBJC_ARC = YES;
				CLANG_ENABLE_OBJC_WEAK = YES;
				CLANG_WARN_BLOCK_CAPTURE_AUTORELEASING = YES;
				CLANG_WARN_BOOL_CONVERSION = YES;
				CLANG_WARN_COMMA = YES;
				CLANG_WARN_CONSTANT_CONVERSION = YES;
				CLANG_WARN_DEPRECATED_OBJC_IMPLEMENTATIONS = YES;
				CLANG_WARN_DIRECT_OBJC_ISA_USAGE = YES_ERROR;
				CLANG_WARN_DOCUMENTATION_COMMENTS = YES;
				CLANG_WARN_EMPTY_BODY = YES;
				CLANG_WARN_ENUM_CONVERSION = YES;
				CLANG_WARN_INFINITE_RECURSION = YES;
				CLANG_WARN_INT_CONVERSION = YES;
				CLANG_WARN_NON_LITERAL_NULL_CONVERSION = YES;
				CLANG_WARN_OBJC_IMPLICIT_RETAIN_SELF = YES;
				CLANG_WARN_OBJC_LITERAL_CONVERSION = YES;
				CLANG_WARN_OBJC_ROOT_CLASS = YES_ERROR;
				CLANG_WARN_QUOTED_INCLUDE_IN_FRAMEWORK_HEADER = YES;
				CLANG_WARN_RANGE_LOOP_ANALYSIS = YES;
				CLANG_WARN_STRICT_PROTOTYPES = YES;
				CLANG_WARN_SUSPICIOUS_MOVE = YES;
				CLANG_WARN_UNGUARDED_AVAILABILITY = YES_AGGRESSIVE;
				CLANG_WARN_UNREACHABLE_CODE = YES;
				CLANG_WARN__DUPLICATE_METHOD_MATCH = YES;
				COPY_PHASE_STRIP = NO;
				DEBUG_INFORMATION_FORMAT = "dwarf-with-dsym";
				ENABLE_NS_ASSERTIONS = NO;
				ENABLE_STRICT_OBJC_MSGSEND = YES;
				ENABLE_USER_SCRIPT_SANDBOXING = YES;
				GCC_C_LANGUAGE_STANDARD = gnu17;
				GCC_NO_COMMON_BLOCKS = YES;
				GCC_WARN_64_TO_32_BIT_CONVERSION = YES;
				GCC_WARN_ABOUT_RETURN_TYPE = YES_ERROR;
				GCC_WARN_UNDECLARED_SELECTOR = YES;
				GCC_WARN_UNINITIALIZED_AUTOS = YES_AGGRESSIVE;
				GCC_WARN_UNUSED_FUNCTION = YES;
				GCC_WARN_UNUSED_VARIABLE = YES;
				IPHONEOS_DEPLOYMENT_TARGET = 17.0;
				LOCALIZATION_PREFERS_STRING_CATALOGS = YES;
				MTL_ENABLE_DEBUG_INFO = NO;
				MTL_FAST_MATH = YES;
				SDKROOT = iphoneos;
				SWIFT_COMPILATION_MODE = wholemodule;
				VALIDATE_PRODUCT = YES;
			};
			name = Release;
		};
		0A7028F02BD6463F00EB47A4 /* Debug */ = {
			isa = XCBuildConfiguration;
			buildSettings = {
				ASSETCATALOG_COMPILER_APPICON_NAME = AppIcon;
				ASSETCATALOG_COMPILER_GLOBAL_ACCENT_COLOR_NAME = AccentColor;
				CODE_SIGN_STYLE = Automatic;
				CURRENT_PROJECT_VERSION = 1;
				DEVELOPMENT_TEAM = "";
				ENABLE_USER_SCRIPT_SANDBOXING = NO;
				GENERATE_INFOPLIST_FILE = YES;
				INFOPLIST_FILE = CinemaStar/SupportingFiles/Info.plist;
				INFOPLIST_KEY_UIApplicationSupportsIndirectInputEvents = YES;
				INFOPLIST_KEY_UILaunchStoryboardName = LaunchScreen;
				INFOPLIST_KEY_UISupportedInterfaceOrientations = UIInterfaceOrientationPortrait;
				INFOPLIST_KEY_UISupportedInterfaceOrientations_iPad = "UIInterfaceOrientationLandscapeLeft UIInterfaceOrientationLandscapeRight UIInterfaceOrientationPortrait UIInterfaceOrientationPortraitUpsideDown";
				IPHONEOS_DEPLOYMENT_TARGET = 17.0;
				LD_RUNPATH_SEARCH_PATHS = (
					"$(inherited)",
					"@executable_path/Frameworks",
				);
				MARKETING_VERSION = 1.0;
				PRODUCT_BUNDLE_IDENTIFIER = "Dmitriy-Starozhilov.CinemaStar";
				PRODUCT_NAME = "$(TARGET_NAME)";
				SUPPORTED_PLATFORMS = "iphoneos iphonesimulator";
				SUPPORTS_MACCATALYST = NO;
				SUPPORTS_MAC_DESIGNED_FOR_IPHONE_IPAD = NO;
				SWIFT_EMIT_LOC_STRINGS = YES;
				SWIFT_VERSION = 5.0;
				TARGETED_DEVICE_FAMILY = 1;
			};
			name = Debug;
		};
		0A7028F12BD6463F00EB47A4 /* Release */ = {
			isa = XCBuildConfiguration;
			buildSettings = {
				ASSETCATALOG_COMPILER_APPICON_NAME = AppIcon;
				ASSETCATALOG_COMPILER_GLOBAL_ACCENT_COLOR_NAME = AccentColor;
				CODE_SIGN_STYLE = Automatic;
				CURRENT_PROJECT_VERSION = 1;
				DEVELOPMENT_TEAM = "";
				ENABLE_USER_SCRIPT_SANDBOXING = NO;
				GENERATE_INFOPLIST_FILE = YES;
				INFOPLIST_FILE = CinemaStar/SupportingFiles/Info.plist;
				INFOPLIST_KEY_UIApplicationSupportsIndirectInputEvents = YES;
				INFOPLIST_KEY_UILaunchStoryboardName = LaunchScreen;
				INFOPLIST_KEY_UISupportedInterfaceOrientations = UIInterfaceOrientationPortrait;
				INFOPLIST_KEY_UISupportedInterfaceOrientations_iPad = "UIInterfaceOrientationLandscapeLeft UIInterfaceOrientationLandscapeRight UIInterfaceOrientationPortrait UIInterfaceOrientationPortraitUpsideDown";
				IPHONEOS_DEPLOYMENT_TARGET = 17.0;
				LD_RUNPATH_SEARCH_PATHS = (
					"$(inherited)",
					"@executable_path/Frameworks",
				);
				MARKETING_VERSION = 1.0;
				PRODUCT_BUNDLE_IDENTIFIER = "Dmitriy-Starozhilov.CinemaStar";
				PRODUCT_NAME = "$(TARGET_NAME)";
				SUPPORTED_PLATFORMS = "iphoneos iphonesimulator";
				SUPPORTS_MACCATALYST = NO;
				SUPPORTS_MAC_DESIGNED_FOR_IPHONE_IPAD = NO;
				SWIFT_EMIT_LOC_STRINGS = YES;
				SWIFT_VERSION = 5.0;
				TARGETED_DEVICE_FAMILY = 1;
			};
			name = Release;
		};
		0A7028F32BD6463F00EB47A4 /* Debug */ = {
			isa = XCBuildConfiguration;
			buildSettings = {
				ALWAYS_EMBED_SWIFT_STANDARD_LIBRARIES = YES;
				BUNDLE_LOADER = "$(TEST_HOST)";
				CODE_SIGN_STYLE = Automatic;
				CURRENT_PROJECT_VERSION = 1;
				GENERATE_INFOPLIST_FILE = YES;
				IPHONEOS_DEPLOYMENT_TARGET = 17.0;
				MARKETING_VERSION = 1.0;
				PRODUCT_BUNDLE_IDENTIFIER = com.zmey666.CinemaStarTests;
				PRODUCT_NAME = "$(TARGET_NAME)";
				SWIFT_EMIT_LOC_STRINGS = NO;
				SWIFT_VERSION = 5.0;
				TARGETED_DEVICE_FAMILY = "1,2";
				TEST_HOST = "$(BUILT_PRODUCTS_DIR)/CinemaStar.app/$(BUNDLE_EXECUTABLE_FOLDER_PATH)/CinemaStar";
			};
			name = Debug;
		};
		0A7028F42BD6463F00EB47A4 /* Release */ = {
			isa = XCBuildConfiguration;
			buildSettings = {
				ALWAYS_EMBED_SWIFT_STANDARD_LIBRARIES = YES;
				BUNDLE_LOADER = "$(TEST_HOST)";
				CODE_SIGN_STYLE = Automatic;
				CURRENT_PROJECT_VERSION = 1;
				GENERATE_INFOPLIST_FILE = YES;
				IPHONEOS_DEPLOYMENT_TARGET = 17.0;
				MARKETING_VERSION = 1.0;
				PRODUCT_BUNDLE_IDENTIFIER = com.zmey666.CinemaStarTests;
				PRODUCT_NAME = "$(TARGET_NAME)";
				SWIFT_EMIT_LOC_STRINGS = NO;
				SWIFT_VERSION = 5.0;
				TARGETED_DEVICE_FAMILY = "1,2";
				TEST_HOST = "$(BUILT_PRODUCTS_DIR)/CinemaStar.app/$(BUNDLE_EXECUTABLE_FOLDER_PATH)/CinemaStar";
			};
			name = Release;
		};
/* End XCBuildConfiguration section */

/* Begin XCConfigurationList section */
		0A7028C02BD6463E00EB47A4 /* Build configuration list for PBXProject "CinemaStar" */ = {
			isa = XCConfigurationList;
			buildConfigurations = (
				0A7028ED2BD6463F00EB47A4 /* Debug */,
				0A7028EE2BD6463F00EB47A4 /* Release */,
			);
			defaultConfigurationIsVisible = 0;
			defaultConfigurationName = Release;
		};
		0A7028EF2BD6463F00EB47A4 /* Build configuration list for PBXNativeTarget "CinemaStar" */ = {
			isa = XCConfigurationList;
			buildConfigurations = (
				0A7028F02BD6463F00EB47A4 /* Debug */,
				0A7028F12BD6463F00EB47A4 /* Release */,
			);
			defaultConfigurationIsVisible = 0;
			defaultConfigurationName = Release;
		};
		0A7028F22BD6463F00EB47A4 /* Build configuration list for PBXNativeTarget "CinemaStarTests" */ = {
			isa = XCConfigurationList;
			buildConfigurations = (
				0A7028F32BD6463F00EB47A4 /* Debug */,
				0A7028F42BD6463F00EB47A4 /* Release */,
			);
			defaultConfigurationIsVisible = 0;
			defaultConfigurationName = Release;
		};
/* End XCConfigurationList section */
	};
	rootObject = 0A7028BD2BD6463E00EB47A4 /* Project object */;
}
